// !$*UTF8*$!
{
	archiveVersion = 1;
	classes = {
	};
	objectVersion = 55;
	objects = {

/* Begin PBXBuildFile section */
		5FE8E09628C391300009614B /* SampleCombineNetworkingApp.swift in Sources */ = {isa = PBXBuildFile; fileRef = 5FE8E09528C391300009614B /* SampleCombineNetworkingApp.swift */; };
		5FE8E09A28C391310009614B /* Assets.xcassets in Resources */ = {isa = PBXBuildFile; fileRef = 5FE8E09928C391310009614B /* Assets.xcassets */; };
		5FE8E09D28C391310009614B /* Preview Assets.xcassets in Resources */ = {isa = PBXBuildFile; fileRef = 5FE8E09C28C391310009614B /* Preview Assets.xcassets */; };
		5FE8E0A828C391680009614B /* APIParameters.swift in Sources */ = {isa = PBXBuildFile; fileRef = 5FE8E0A428C391680009614B /* APIParameters.swift */; };
		5FE8E0A928C391680009614B /* APIClient.swift in Sources */ = {isa = PBXBuildFile; fileRef = 5FE8E0A528C391680009614B /* APIClient.swift */; };
		5FE8E0AA28C391680009614B /* APIConstants.swift in Sources */ = {isa = PBXBuildFile; fileRef = 5FE8E0A628C391680009614B /* APIConstants.swift */; };
		5FE8E0AB28C391680009614B /* APIRouter.swift in Sources */ = {isa = PBXBuildFile; fileRef = 5FE8E0A728C391680009614B /* APIRouter.swift */; };
		5FE8E0B328C3936F0009614B /* Log.swift in Sources */ = {isa = PBXBuildFile; fileRef = 5FE8E0B228C3936F0009614B /* Log.swift */; };
		5FE8E0B728C3D2530009614B /* ProductsModel.swift in Sources */ = {isa = PBXBuildFile; fileRef = 5FE8E0B628C3D2530009614B /* ProductsModel.swift */; };
		5FE8E0BA28C3D33A0009614B /* ProductView.swift in Sources */ = {isa = PBXBuildFile; fileRef = 5FE8E0B928C3D33A0009614B /* ProductView.swift */; };
		5FE8E0BC28C3D3470009614B /* ProductViewModel.swift in Sources */ = {isa = PBXBuildFile; fileRef = 5FE8E0BB28C3D3470009614B /* ProductViewModel.swift */; };
/* End PBXBuildFile section */

/* Begin PBXFileReference section */
		5FE8E09228C391300009614B /* SampleCombineNetworking.app */ = {isa = PBXFileReference; explicitFileType = wrapper.application; includeInIndex = 0; path = SampleCombineNetworking.app; sourceTree = BUILT_PRODUCTS_DIR; };
		5FE8E09528C391300009614B /* SampleCombineNetworkingApp.swift */ = {isa = PBXFileReference; lastKnownFileType = sourcecode.swift; path = SampleCombineNetworkingApp.swift; sourceTree = "<group>"; };
		5FE8E09928C391310009614B /* Assets.xcassets */ = {isa = PBXFileReference; lastKnownFileType = folder.assetcatalog; path = Assets.xcassets; sourceTree = "<group>"; };
		5FE8E09C28C391310009614B /* Preview Assets.xcassets */ = {isa = PBXFileReference; lastKnownFileType = folder.assetcatalog; path = "Preview Assets.xcassets"; sourceTree = "<group>"; };
		5FE8E0A428C391680009614B /* APIParameters.swift */ = {isa = PBXFileReference; fileEncoding = 4; lastKnownFileType = sourcecode.swift; path = APIParameters.swift; sourceTree = "<group>"; };
		5FE8E0A528C391680009614B /* APIClient.swift */ = {isa = PBXFileReference; fileEncoding = 4; lastKnownFileType = sourcecode.swift; path = APIClient.swift; sourceTree = "<group>"; };
		5FE8E0A628C391680009614B /* APIConstants.swift */ = {isa = PBXFileReference; fileEncoding = 4; lastKnownFileType = sourcecode.swift; path = APIConstants.swift; sourceTree = "<group>"; };
		5FE8E0A728C391680009614B /* APIRouter.swift */ = {isa = PBXFileReference; fileEncoding = 4; lastKnownFileType = sourcecode.swift; path = APIRouter.swift; sourceTree = "<group>"; };
		5FE8E0B228C3936F0009614B /* Log.swift */ = {isa = PBXFileReference; fileEncoding = 4; lastKnownFileType = sourcecode.swift; path = Log.swift; sourceTree = "<group>"; };
		5FE8E0B628C3D2530009614B /* ProductsModel.swift */ = {isa = PBXFileReference; lastKnownFileType = sourcecode.swift; path = ProductsModel.swift; sourceTree = "<group>"; };
		5FE8E0B928C3D33A0009614B /* ProductView.swift */ = {isa = PBXFileReference; lastKnownFileType = sourcecode.swift; path = ProductView.swift; sourceTree = "<group>"; };
		5FE8E0BB28C3D3470009614B /* ProductViewModel.swift */ = {isa = PBXFileReference; lastKnownFileType = sourcecode.swift; path = ProductViewModel.swift; sourceTree = "<group>"; };
/* End PBXFileReference section */

/* Begin PBXFrameworksBuildPhase section */
		5FE8E08F28C391300009614B /* Frameworks */ = {
			isa = PBXFrameworksBuildPhase;
			buildActionMask = 2147483647;
			files = (
			);
			runOnlyForDeploymentPostprocessing = 0;
		};
/* End PBXFrameworksBuildPhase section */

/* Begin PBXGroup section */
		5FE8E08928C391300009614B = {
			isa = PBXGroup;
			children = (
				5FE8E09428C391300009614B /* SampleCombineNetworking */,
				5FE8E09328C391300009614B /* Products */,
			);
			sourceTree = "<group>";
		};
		5FE8E09328C391300009614B /* Products */ = {
			isa = PBXGroup;
			children = (
				5FE8E09228C391300009614B /* SampleCombineNetworking.app */,
			);
			name = Products;
			sourceTree = "<group>";
		};
		5FE8E09428C391300009614B /* SampleCombineNetworking */ = {
			isa = PBXGroup;
			children = (
				5FE8E0B128C3936F0009614B /* Utilities */,
				5FE8E0AC28C3917C0009614B /* Model */,
				5FE8E0A328C391680009614B /* Networking */,
				5FE8E0B828C3D31F0009614B /* ProductView */,
				5FE8E09528C391300009614B /* SampleCombineNetworkingApp.swift */,
				5FE8E09928C391310009614B /* Assets.xcassets */,
				5FE8E09B28C391310009614B /* Preview Content */,
			);
			path = SampleCombineNetworking;
			sourceTree = "<group>";
		};
		5FE8E09B28C391310009614B /* Preview Content */ = {
			isa = PBXGroup;
			children = (
				5FE8E09C28C391310009614B /* Preview Assets.xcassets */,
			);
			path = "Preview Content";
			sourceTree = "<group>";
		};
		5FE8E0A328C391680009614B /* Networking */ = {
			isa = PBXGroup;
			children = (
				5FE8E0A428C391680009614B /* APIParameters.swift */,
				5FE8E0A528C391680009614B /* APIClient.swift */,
				5FE8E0A628C391680009614B /* APIConstants.swift */,
				5FE8E0A728C391680009614B /* APIRouter.swift */,
			);
			path = Networking;
			sourceTree = "<group>";
		};
		5FE8E0AC28C3917C0009614B /* Model */ = {
			isa = PBXGroup;
			children = (
				5FE8E0B628C3D2530009614B /* ProductsModel.swift */,
			);
			path = Model;
			sourceTree = "<group>";
		};
		5FE8E0B128C3936F0009614B /* Utilities */ = {
			isa = PBXGroup;
			children = (
				5FE8E0B228C3936F0009614B /* Log.swift */,
			);
			path = Utilities;
			sourceTree = "<group>";
		};
		5FE8E0B828C3D31F0009614B /* ProductView */ = {
			isa = PBXGroup;
			children = (
				5FE8E0B928C3D33A0009614B /* ProductView.swift */,
				5FE8E0BB28C3D3470009614B /* ProductViewModel.swift */,
			);
			path = ProductView;
			sourceTree = "<group>";
		};
/* End PBXGroup section */

/* Begin PBXNativeTarget section */
		5FE8E09128C391300009614B /* SampleCombineNetworking */ = {
			isa = PBXNativeTarget;
			buildConfigurationList = 5FE8E0A028C391310009614B /* Build configuration list for PBXNativeTarget "SampleCombineNetworking" */;
			buildPhases = (
				5FE8E08E28C391300009614B /* Sources */,
				5FE8E08F28C391300009614B /* Frameworks */,
				5FE8E09028C391300009614B /* Resources */,
			);
			buildRules = (
			);
			dependencies = (
			);
			name = SampleCombineNetworking;
			productName = SampleCombineNetworking;
			productReference = 5FE8E09228C391300009614B /* SampleCombineNetworking.app */;
			productType = "com.apple.product-type.application";
		};
/* End PBXNativeTarget section */

/* Begin PBXProject section */
		5FE8E08A28C391300009614B /* Project object */ = {
			isa = PBXProject;
			attributes = {
				BuildIndependentTargetsInParallel = 1;
				LastSwiftUpdateCheck = 1340;
				LastUpgradeCheck = 1340;
				TargetAttributes = {
					5FE8E09128C391300009614B = {
						CreatedOnToolsVersion = 13.4.1;
					};
				};
			};
			buildConfigurationList = 5FE8E08D28C391300009614B /* Build configuration list for PBXProject "SampleCombineNetworking" */;
			compatibilityVersion = "Xcode 13.0";
			developmentRegion = en;
			hasScannedForEncodings = 0;
			knownRegions = (
				en,
				Base,
			);
			mainGroup = 5FE8E08928C391300009614B;
			productRefGroup = 5FE8E09328C391300009614B /* Products */;
			projectDirPath = "";
			projectRoot = "";
			targets = (
				5FE8E09128C391300009614B /* SampleCombineNetworking */,
			);
		};
/* End PBXProject section */

/* Begin PBXResourcesBuildPhase section */
		5FE8E09028C391300009614B /* Resources */ = {
			isa = PBXResourcesBuildPhase;
			buildActionMask = 2147483647;
			files = (
				5FE8E09D28C391310009614B /* Preview Assets.xcassets in Resources */,
				5FE8E09A28C391310009614B /* Assets.xcassets in Resources */,
			);
			runOnlyForDeploymentPostprocessing = 0;
		};
/* End PBXResourcesBuildPhase section */

/* Begin PBXSourcesBuildPhase section */
		5FE8E08E28C391300009614B /* Sources */ = {
			isa = PBXSourcesBuildPhase;
			buildActionMask = 2147483647;
			files = (
				5FE8E0A828C391680009614B /* APIParameters.swift in Sources */,
				5FE8E0BA28C3D33A0009614B /* ProductView.swift in Sources */,
				5FE8E0AB28C391680009614B /* APIRouter.swift in Sources */,
				5FE8E0AA28C391680009614B /* APIConstants.swift in Sources */,
				5FE8E0BC28C3D3470009614B /* ProductViewModel.swift in Sources */,
				5FE8E0B728C3D2530009614B /* ProductsModel.swift in Sources */,
				5FE8E09628C391300009614B /* SampleCombineNetworkingApp.swift in Sources */,
				5FE8E0B328C3936F0009614B /* Log.swift in Sources */,
				5FE8E0A928C391680009614B /* APIClient.swift in Sources */,
			);
			runOnlyForDeploymentPostprocessing = 0;
		};
/* End PBXSourcesBuildPhase section */

/* Begin XCBuildConfiguration section */
		5FE8E09E28C391310009614B /* Debug */ = {
			isa = XCBuildConfiguration;
			buildSettings = {
				ALWAYS_SEARCH_USER_PATHS = NO;
				CLANG_ANALYZER_NONNULL = YES;
				CLANG_ANALYZER_NUMBER_OBJECT_CONVERSION = YES_AGGRESSIVE;
				CLANG_CXX_LANGUAGE_STANDARD = "gnu++17";
				CLANG_ENABLE_MODULES = YES;
				CLANG_ENABLE_OBJC_ARC = YES;
				CLANG_ENABLE_OBJC_WEAK = YES;
				CLANG_WARN_BLOCK_CAPTURE_AUTORELEASING = YES;
				CLANG_WARN_BOOL_CONVERSION = YES;
				CLANG_WARN_COMMA = YES;
				CLANG_WARN_CONSTANT_CONVERSION = YES;
				CLANG_WARN_DEPRECATED_OBJC_IMPLEMENTATIONS = YES;
				CLANG_WARN_DIRECT_OBJC_ISA_USAGE = YES_ERROR;
				CLANG_WARN_DOCUMENTATION_COMMENTS = YES;
				CLANG_WARN_EMPTY_BODY = YES;
				CLANG_WARN_ENUM_CONVERSION = YES;
				CLANG_WARN_INFINITE_RECURSION = YES;
				CLANG_WARN_INT_CONVERSION = YES;
				CLANG_WARN_NON_LITERAL_NULL_CONVERSION = YES;
				CLANG_WARN_OBJC_IMPLICIT_RETAIN_SELF = YES;
				CLANG_WARN_OBJC_LITERAL_CONVERSION = YES;
				CLANG_WARN_OBJC_ROOT_CLASS = YES_ERROR;
				CLANG_WARN_QUOTED_INCLUDE_IN_FRAMEWORK_HEADER = YES;
				CLANG_WARN_RANGE_LOOP_ANALYSIS = YES;
				CLANG_WARN_STRICT_PROTOTYPES = YES;
				CLANG_WARN_SUSPICIOUS_MOVE = YES;
				CLANG_WARN_UNGUARDED_AVAILABILITY = YES_AGGRESSIVE;
				CLANG_WARN_UNREACHABLE_CODE = YES;
				CLANG_WARN__DUPLICATE_METHOD_MATCH = YES;
				COPY_PHASE_STRIP = NO;
				DEBUG_INFORMATION_FORMAT = dwarf;
				ENABLE_STRICT_OBJC_MSGSEND = YES;
				ENABLE_TESTABILITY = YES;
				GCC_C_LANGUAGE_STANDARD = gnu11;
				GCC_DYNAMIC_NO_PIC = NO;
				GCC_NO_COMMON_BLOCKS = YES;
				GCC_OPTIMIZATION_LEVEL = 0;
				GCC_PREPROCESSOR_DEFINITIONS = (
					"DEBUG=1",
					"$(inherited)",
				);
				GCC_WARN_64_TO_32_BIT_CONVERSION = YES;
				GCC_WARN_ABOUT_RETURN_TYPE = YES_ERROR;
				GCC_WARN_UNDECLARED_SELECTOR = YES;
				GCC_WARN_UNINITIALIZED_AUTOS = YES_AGGRESSIVE;
				GCC_WARN_UNUSED_FUNCTION = YES;
				GCC_WARN_UNUSED_VARIABLE = YES;
				IPHONEOS_DEPLOYMENT_TARGET = 15.5;
				MTL_ENABLE_DEBUG_INFO = INCLUDE_SOURCE;
				MTL_FAST_MATH = YES;
				ONLY_ACTIVE_ARCH = YES;
				SDKROOT = iphoneos;
				SWIFT_ACTIVE_COMPILATION_CONDITIONS = DEBUG;
				SWIFT_OPTIMIZATION_LEVEL = "-Onone";
			};
			name = Debug;
		};
		5FE8E09F28C391310009614B /* Release */ = {
			isa = XCBuildConfiguration;
			buildSettings = {
				ALWAYS_SEARCH_USER_PATHS = NO;
				CLANG_ANALYZER_NONNULL = YES;
				CLANG_ANALYZER_NUMBER_OBJECT_CONVERSION = YES_AGGRESSIVE;
				CLANG_CXX_LANGUAGE_STANDARD = "gnu++17";
				CLANG_ENABLE_MODULES = YES;
				CLANG_ENABLE_OBJC_ARC = YES;
				CLANG_ENABLE_OBJC_WEAK = YES;
				CLANG_WARN_BLOCK_CAPTURE_AUTORELEASING = YES;
				CLANG_WARN_BOOL_CONVERSION = YES;
				CLANG_WARN_COMMA = YES;
				CLANG_WARN_CONSTANT_CONVERSION = YES;
				CLANG_WARN_DEPRECATED_OBJC_IMPLEMENTATIONS = YES;
				CLANG_WARN_DIRECT_OBJC_ISA_USAGE = YES_ERROR;
				CLANG_WARN_DOCUMENTATION_COMMENTS = YES;
				CLANG_WARN_EMPTY_BODY = YES;
				CLANG_WARN_ENUM_CONVERSION = YES;
				CLANG_WARN_INFINITE_RECURSION = YES;
				CLANG_WARN_INT_CONVERSION = YES;
				CLANG_WARN_NON_LITERAL_NULL_CONVERSION = YES;
				CLANG_WARN_OBJC_IMPLICIT_RETAIN_SELF = YES;
				CLANG_WARN_OBJC_LITERAL_CONVERSION = YES;
				CLANG_WARN_OBJC_ROOT_CLASS = YES_ERROR;
				CLANG_WARN_QUOTED_INCLUDE_IN_FRAMEWORK_HEADER = YES;
				CLANG_WARN_RANGE_LOOP_ANALYSIS = YES;
				CLANG_WARN_STRICT_PROTOTYPES = YES;
				CLANG_WARN_SUSPICIOUS_MOVE = YES;
				CLANG_WARN_UNGUARDED_AVAILABILITY = YES_AGGRESSIVE;
				CLANG_WARN_UNREACHABLE_CODE = YES;
				CLANG_WARN__DUPLICATE_METHOD_MATCH = YES;
				COPY_PHASE_STRIP = NO;
				DEBUG_INFORMATION_FORMAT = "dwarf-with-dsym";
				ENABLE_NS_ASSERTIONS = NO;
				ENABLE_STRICT_OBJC_MSGSEND = YES;
				GCC_C_LANGUAGE_STANDARD = gnu11;
				GCC_NO_COMMON_BLOCKS = YES;
				GCC_WARN_64_TO_32_BIT_CONVERSION = YES;
				GCC_WARN_ABOUT_RETURN_TYPE = YES_ERROR;
				GCC_WARN_UNDECLARED_SELECTOR = YES;
				GCC_WARN_UNINITIALIZED_AUTOS = YES_AGGRESSIVE;
				GCC_WARN_UNUSED_FUNCTION = YES;
				GCC_WARN_UNUSED_VARIABLE = YES;
				IPHONEOS_DEPLOYMENT_TARGET = 15.5;
				MTL_ENABLE_DEBUG_INFO = NO;
				MTL_FAST_MATH = YES;
				SDKROOT = iphoneos;
				SWIFT_COMPILATION_MODE = wholemodule;
				SWIFT_OPTIMIZATION_LEVEL = "-O";
				VALIDATE_PRODUCT = YES;
			};
			name = Release;
		};
		5FE8E0A128C391310009614B /* Debug */ = {
			isa = XCBuildConfiguration;
			buildSettings = {
				ASSETCATALOG_COMPILER_APPICON_NAME = AppIcon;
				ASSETCATALOG_COMPILER_GLOBAL_ACCENT_COLOR_NAME = AccentColor;
				CODE_SIGN_STYLE = Automatic;
				CURRENT_PROJECT_VERSION = 1;
				DEVELOPMENT_ASSET_PATHS = "\"SampleCombineNetworking/Preview Content\"";
				DEVELOPMENT_TEAM = 74W4KWPA75;
				ENABLE_PREVIEWS = YES;
				GENERATE_INFOPLIST_FILE = YES;
				INFOPLIST_KEY_UIApplicationSceneManifest_Generation = YES;
				INFOPLIST_KEY_UIApplicationSupportsIndirectInputEvents = YES;
				INFOPLIST_KEY_UILaunchScreen_Generation = YES;
				INFOPLIST_KEY_UISupportedInterfaceOrientations_iPad = "UIInterfaceOrientationPortrait UIInterfaceOrientationPortraitUpsideDown UIInterfaceOrientationLandscapeLeft UIInterfaceOrientationLandscapeRight";
				INFOPLIST_KEY_UISupportedInterfaceOrientations_iPhone = "UIInterfaceOrientationPortrait UIInterfaceOrientationLandscapeLeft UIInterfaceOrientationLandscapeRight";
				LD_RUNPATH_SEARCH_PATHS = (
					"$(inherited)",
					"@executable_path/Frameworks",
				);
				MARKETING_VERSION = 1.0;
				PRODUCT_BUNDLE_IDENTIFIER = com.sarkoobi.SampleCombineNetworking;
				PRODUCT_NAME = "$(TARGET_NAME)";
				SWIFT_EMIT_LOC_STRINGS = YES;
				SWIFT_VERSION = 5.0;
				TARGETED_DEVICE_FAMILY = "1,2";
			};
			name = Debug;
		};
		5FE8E0A228C391310009614B /* Release */ = {
			isa = XCBuildConfiguration;
			buildSettings = {
				ASSETCATALOG_COMPILER_APPICON_NAME = AppIcon;
				ASSETCATALOG_COMPILER_GLOBAL_ACCENT_COLOR_NAME = AccentColor;
				CODE_SIGN_STYLE = Automatic;
				CURRENT_PROJECT_VERSION = 1;
				DEVELOPMENT_ASSET_PATHS = "\"SampleCombineNetworking/Preview Content\"";
				DEVELOPMENT_TEAM = 74W4KWPA75;
				ENABLE_PREVIEWS = YES;
				GENERATE_INFOPLIST_FILE = YES;
				INFOPLIST_KEY_UIApplicationSceneManifest_Generation = YES;
				INFOPLIST_KEY_UIApplicationSupportsIndirectInputEvents = YES;
				INFOPLIST_KEY_UILaunchScreen_Generation = YES;
				INFOPLIST_KEY_UISupportedInterfaceOrientations_iPad = "UIInterfaceOrientationPortrait UIInterfaceOrientationPortraitUpsideDown UIInterfaceOrientationLandscapeLeft UIInterfaceOrientationLandscapeRight";
				INFOPLIST_KEY_UISupportedInterfaceOrientations_iPhone = "UIInterfaceOrientationPortrait UIInterfaceOrientationLandscapeLeft UIInterfaceOrientationLandscapeRight";
				LD_RUNPATH_SEARCH_PATHS = (
					"$(inherited)",
					"@executable_path/Frameworks",
				);
				MARKETING_VERSION = 1.0;
				PRODUCT_BUNDLE_IDENTIFIER = com.sarkoobi.SampleCombineNetworking;
				PRODUCT_NAME = "$(TARGET_NAME)";
				SWIFT_EMIT_LOC_STRINGS = YES;
				SWIFT_VERSION = 5.0;
				TARGETED_DEVICE_FAMILY = "1,2";
			};
			name = Release;
		};
/* End XCBuildConfiguration section */

/* Begin XCConfigurationList section */
		5FE8E08D28C391300009614B /* Build configuration list for PBXProject "SampleCombineNetworking" */ = {
			isa = XCConfigurationList;
			buildConfigurations = (
				5FE8E09E28C391310009614B /* Debug */,
				5FE8E09F28C391310009614B /* Release */,
			);
			defaultConfigurationIsVisible = 0;
			defaultConfigurationName = Release;
		};
		5FE8E0A028C391310009614B /* Build configuration list for PBXNativeTarget "SampleCombineNetworking" */ = {
			isa = XCConfigurationList;
			buildConfigurations = (
				5FE8E0A128C391310009614B /* Debug */,
				5FE8E0A228C391310009614B /* Release */,
			);
			defaultConfigurationIsVisible = 0;
			defaultConfigurationName = Release;
		};
/* End XCConfigurationList section */
	};
	rootObject = 5FE8E08A28C391300009614B /* Project object */;
}
